
Microsoft Visual Studio Solution File, Format Version 12.00
# Visual Studio Version 17
VisualStudioVersion = 17.1.32328.378
MinimumVisualStudioVersion = 10.0.40219.1
Project("{FAE04EC0-301F-11D3-BF4B-00C04F79EFBC}") = "teleperformance-case3", "teleperformance-case3\teleperformance-case3.csproj", "{D626A57F-20B1-4B02-80AF-F90E62A457D2}"
EndProject
Project("{FAE04EC0-301F-11D3-BF4B-00C04F79EFBC}") = "teleperformance-case3.Infrastructure", "teleperformance-case3.Infrastructure\teleperformance-case3.Infrastructure.csproj", "{FC4A4C62-32F6-41CA-8A44-69604D4FA97B}"
EndProject
Project("{FAE04EC0-301F-11D3-BF4B-00C04F79EFBC}") = "teleperformance-case3.Domain", "teleperformance-case3.Domain\teleperformance-case3.Domain.csproj", "{3ADFF32B-46D3-4C72-ADDF-32A6CF90CFCD}"
EndProject
Project("{FAE04EC0-301F-11D3-BF4B-00C04F79EFBC}") = "teleperformance-case3.Application", "teleperformance-case3.Application\teleperformance-case3.Application.csproj", "{1A3EF823-EF40-46CC-826C-C761F30D4C53}"
EndProject
Global
	GlobalSection(SolutionConfigurationPlatforms) = preSolution
		Debug|Any CPU = Debug|Any CPU
		Release|Any CPU = Release|Any CPU
	EndGlobalSection
	GlobalSection(ProjectConfigurationPlatforms) = postSolution
		{D626A57F-20B1-4B02-80AF-F90E62A457D2}.Debug|Any CPU.ActiveCfg = Debug|Any CPU
		{D626A57F-20B1-4B02-80AF-F90E62A457D2}.Debug|Any CPU.Build.0 = Debug|Any CPU
		{D626A57F-20B1-4B02-80AF-F90E62A457D2}.Release|Any CPU.ActiveCfg = Release|Any CPU
		{D626A57F-20B1-4B02-80AF-F90E62A457D2}.Release|Any CPU.Build.0 = Release|Any CPU
		{FC4A4C62-32F6-41CA-8A44-69604D4FA97B}.Debug|Any CPU.ActiveCfg = Debug|Any CPU
		{FC4A4C62-32F6-41CA-8A44-69604D4FA97B}.Debug|Any CPU.Build.0 = Debug|Any CPU
		{FC4A4C62-32F6-41CA-8A44-69604D4FA97B}.Release|Any CPU.ActiveCfg = Release|Any CPU
		{FC4A4C62-32F6-41CA-8A44-69604D4FA97B}.Release|Any CPU.Build.0 = Release|Any CPU
		{3ADFF32B-46D3-4C72-ADDF-32A6CF90CFCD}.Debug|Any CPU.ActiveCfg = Debug|Any CPU
		{3ADFF32B-46D3-4C72-ADDF-32A6CF90CFCD}.Debug|Any CPU.Build.0 = Debug|Any CPU
		{3ADFF32B-46D3-4C72-ADDF-32A6CF90CFCD}.Release|Any CPU.ActiveCfg = Release|Any CPU
		{3ADFF32B-46D3-4C72-ADDF-32A6CF90CFCD}.Release|Any CPU.Build.0 = Release|Any CPU
		{1A3EF823-EF40-46CC-826C-C761F30D4C53}.Debug|Any CPU.ActiveCfg = Debug|Any CPU
		{1A3EF823-EF40-46CC-826C-C761F30D4C53}.Debug|Any CPU.Build.0 = Debug|Any CPU
		{1A3EF823-EF40-46CC-826C-C761F30D4C53}.Release|Any CPU.ActiveCfg = Release|Any CPU
		{1A3EF823-EF40-46CC-826C-C761F30D4C53}.Release|Any CPU.Build.0 = Release|Any CPU
	EndGlobalSection
	GlobalSection(SolutionProperties) = preSolution
		HideSolutionNode = FALSE
	EndGlobalSection
	GlobalSection(ExtensibilityGlobals) = postSolution
		SolutionGuid = {544C6746-E8F7-4461-B5FB-9F7E066E1378}
	EndGlobalSection
EndGlobal
